
Microsoft Visual Studio Solution File, Format Version 12.00
# Visual Studio Version 17
VisualStudioVersion = 17.11.35208.52
MinimumVisualStudioVersion = 10.0.40219.1
Project("{FAE04EC0-301F-11D3-BF4B-00C04F79EFBC}") = "Practica3N", "Practica3N\Practica3N.csproj", "{2CAFD6A5-F56D-4101-915F-EEB500DF7592}"
EndProject
Global
	GlobalSection(SolutionConfigurationPlatforms) = preSolution
		Debug|Any CPU = Debug|Any CPU
		Release|Any CPU = Release|Any CPU
	EndGlobalSection
	GlobalSection(ProjectConfigurationPlatforms) = postSolution
		{2CAFD6A5-F56D-4101-915F-EEB500DF7592}.Debug|Any CPU.ActiveCfg = Debug|Any CPU
		{2CAFD6A5-F56D-4101-915F-EEB500DF7592}.Debug|Any CPU.Build.0 = Debug|Any CPU
		{2CAFD6A5-F56D-4101-915F-EEB500DF7592}.Release|Any CPU.ActiveCfg = Release|Any CPU
		{2CAFD6A5-F56D-4101-915F-EEB500DF7592}.Release|Any CPU.Build.0 = Release|Any CPU
	EndGlobalSection
	GlobalSection(SolutionProperties) = preSolution
		HideSolutionNode = FALSE
	EndGlobalSection
	GlobalSection(ExtensibilityGlobals) = postSolution
		SolutionGuid = {C71C1E41-22D0-4357-BFE7-CDD834E4C661}
	EndGlobalSection
EndGlobal
